
Microsoft Visual Studio Solution File, Format Version 12.00
# Visual Studio Version 17
VisualStudioVersion = 17.0.31903.59
MinimumVisualStudioVersion = 10.0.40219.1
Project("{FAE04EC0-301F-11D3-BF4B-00C04F79EFBC}") = "CS3", "CS3\CS3.csproj", "{0FB600E9-4183-4F79-A73A-DB3449CF9235}"
EndProject
Project("{FAE04EC0-301F-11D3-BF4B-00C04F79EFBC}") = "Cs1", "Cs1\Cs1.csproj", "{0CFA5952-C2A0-421D-B455-5F3B129AC17D}"
EndProject
Project("{FAE04EC0-301F-11D3-BF4B-00C04F79EFBC}") = "Cs2", "Cs2\Cs2.csproj", "{F9BA2B8D-6950-44DD-8733-8056EDFA6CC8}"
EndProject
Project("{FAE04EC0-301F-11D3-BF4B-00C04F79EFBC}") = "Cs4", "Cs4\Cs4.csproj", "{761980CF-883A-48C5-8A0D-127B8D9F9716}"
EndProject
Project("{FAE04EC0-301F-11D3-BF4B-00C04F79EFBC}") = "SE1", "SE1\SE1.csproj", "{42133755-57BD-4B21-9DFD-8C8BB4D78DDF}"
EndProject
Global
	GlobalSection(SolutionConfigurationPlatforms) = preSolution
		Debug|Any CPU = Debug|Any CPU
		Debug|x64 = Debug|x64
		Debug|x86 = Debug|x86
		Release|Any CPU = Release|Any CPU
		Release|x64 = Release|x64
		Release|x86 = Release|x86
	EndGlobalSection
	GlobalSection(ProjectConfigurationPlatforms) = postSolution
		{0FB600E9-4183-4F79-A73A-DB3449CF9235}.Debug|Any CPU.ActiveCfg = Debug|Any CPU
		{0FB600E9-4183-4F79-A73A-DB3449CF9235}.Debug|Any CPU.Build.0 = Debug|Any CPU
		{0FB600E9-4183-4F79-A73A-DB3449CF9235}.Debug|x64.ActiveCfg = Debug|Any CPU
		{0FB600E9-4183-4F79-A73A-DB3449CF9235}.Debug|x64.Build.0 = Debug|Any CPU
		{0FB600E9-4183-4F79-A73A-DB3449CF9235}.Debug|x86.ActiveCfg = Debug|Any CPU
		{0FB600E9-4183-4F79-A73A-DB3449CF9235}.Debug|x86.Build.0 = Debug|Any CPU
		{0FB600E9-4183-4F79-A73A-DB3449CF9235}.Release|Any CPU.ActiveCfg = Release|Any CPU
		{0FB600E9-4183-4F79-A73A-DB3449CF9235}.Release|Any CPU.Build.0 = Release|Any CPU
		{0FB600E9-4183-4F79-A73A-DB3449CF9235}.Release|x64.ActiveCfg = Release|Any CPU
		{0FB600E9-4183-4F79-A73A-DB3449CF9235}.Release|x64.Build.0 = Release|Any CPU
		{0FB600E9-4183-4F79-A73A-DB3449CF9235}.Release|x86.ActiveCfg = Release|Any CPU
		{0FB600E9-4183-4F79-A73A-DB3449CF9235}.Release|x86.Build.0 = Release|Any CPU
		{0CFA5952-C2A0-421D-B455-5F3B129AC17D}.Debug|Any CPU.ActiveCfg = Debug|Any CPU
		{0CFA5952-C2A0-421D-B455-5F3B129AC17D}.Debug|Any CPU.Build.0 = Debug|Any CPU
		{0CFA5952-C2A0-421D-B455-5F3B129AC17D}.Debug|x64.ActiveCfg = Debug|Any CPU
		{0CFA5952-C2A0-421D-B455-5F3B129AC17D}.Debug|x64.Build.0 = Debug|Any CPU
		{0CFA5952-C2A0-421D-B455-5F3B129AC17D}.Debug|x86.ActiveCfg = Debug|Any CPU
		{0CFA5952-C2A0-421D-B455-5F3B129AC17D}.Debug|x86.Build.0 = Debug|Any CPU
		{0CFA5952-C2A0-421D-B455-5F3B129AC17D}.Release|Any CPU.ActiveCfg = Release|Any CPU
		{0CFA5952-C2A0-421D-B455-5F3B129AC17D}.Release|Any CPU.Build.0 = Release|Any CPU
		{0CFA5952-C2A0-421D-B455-5F3B129AC17D}.Release|x64.ActiveCfg = Release|Any CPU
		{0CFA5952-C2A0-421D-B455-5F3B129AC17D}.Release|x64.Build.0 = Release|Any CPU
		{0CFA5952-C2A0-421D-B455-5F3B129AC17D}.Release|x86.ActiveCfg = Release|Any CPU
		{0CFA5952-C2A0-421D-B455-5F3B129AC17D}.Release|x86.Build.0 = Release|Any CPU
		{F9BA2B8D-6950-44DD-8733-8056EDFA6CC8}.Debug|Any CPU.ActiveCfg = Debug|Any CPU
		{F9BA2B8D-6950-44DD-8733-8056EDFA6CC8}.Debug|Any CPU.Build.0 = Debug|Any CPU
		{F9BA2B8D-6950-44DD-8733-8056EDFA6CC8}.Debug|x64.ActiveCfg = Debug|Any CPU
		{F9BA2B8D-6950-44DD-8733-8056EDFA6CC8}.Debug|x64.Build.0 = Debug|Any CPU
		{F9BA2B8D-6950-44DD-8733-8056EDFA6CC8}.Debug|x86.ActiveCfg = Debug|Any CPU
		{F9BA2B8D-6950-44DD-8733-8056EDFA6CC8}.Debug|x86.Build.0 = Debug|Any CPU
		{F9BA2B8D-6950-44DD-8733-8056EDFA6CC8}.Release|Any CPU.ActiveCfg = Release|Any CPU
		{F9BA2B8D-6950-44DD-8733-8056EDFA6CC8}.Release|Any CPU.Build.0 = Release|Any CPU
		{F9BA2B8D-6950-44DD-8733-8056EDFA6CC8}.Release|x64.ActiveCfg = Release|Any CPU
		{F9BA2B8D-6950-44DD-8733-8056EDFA6CC8}.Release|x64.Build.0 = Release|Any CPU
		{F9BA2B8D-6950-44DD-8733-8056EDFA6CC8}.Release|x86.ActiveCfg = Release|Any CPU
		{F9BA2B8D-6950-44DD-8733-8056EDFA6CC8}.Release|x86.Build.0 = Release|Any CPU
		{761980CF-883A-48C5-8A0D-127B8D9F9716}.Debug|Any CPU.ActiveCfg = Debug|Any CPU
		{761980CF-883A-48C5-8A0D-127B8D9F9716}.Debug|Any CPU.Build.0 = Debug|Any CPU
		{761980CF-883A-48C5-8A0D-127B8D9F9716}.Debug|x64.ActiveCfg = Debug|Any CPU
		{761980CF-883A-48C5-8A0D-127B8D9F9716}.Debug|x64.Build.0 = Debug|Any CPU
		{761980CF-883A-48C5-8A0D-127B8D9F9716}.Debug|x86.ActiveCfg = Debug|Any CPU
		{761980CF-883A-48C5-8A0D-127B8D9F9716}.Debug|x86.Build.0 = Debug|Any CPU
		{761980CF-883A-48C5-8A0D-127B8D9F9716}.Release|Any CPU.ActiveCfg = Release|Any CPU
		{761980CF-883A-48C5-8A0D-127B8D9F9716}.Release|Any CPU.Build.0 = Release|Any CPU
		{761980CF-883A-48C5-8A0D-127B8D9F9716}.Release|x64.ActiveCfg = Release|Any CPU
		{761980CF-883A-48C5-8A0D-127B8D9F9716}.Release|x64.Build.0 = Release|Any CPU
		{761980CF-883A-48C5-8A0D-127B8D9F9716}.Release|x86.ActiveCfg = Release|Any CPU
		{761980CF-883A-48C5-8A0D-127B8D9F9716}.Release|x86.Build.0 = Release|Any CPU
		{42133755-57BD-4B21-9DFD-8C8BB4D78DDF}.Debug|Any CPU.ActiveCfg = Debug|Any CPU
		{42133755-57BD-4B21-9DFD-8C8BB4D78DDF}.Debug|Any CPU.Build.0 = Debug|Any CPU
		{42133755-57BD-4B21-9DFD-8C8BB4D78DDF}.Debug|x64.ActiveCfg = Debug|Any CPU
		{42133755-57BD-4B21-9DFD-8C8BB4D78DDF}.Debug|x64.Build.0 = Debug|Any CPU
		{42133755-57BD-4B21-9DFD-8C8BB4D78DDF}.Debug|x86.ActiveCfg = Debug|Any CPU
		{42133755-57BD-4B21-9DFD-8C8BB4D78DDF}.Debug|x86.Build.0 = Debug|Any CPU
		{42133755-57BD-4B21-9DFD-8C8BB4D78DDF}.Release|Any CPU.ActiveCfg = Release|Any CPU
		{42133755-57BD-4B21-9DFD-8C8BB4D78DDF}.Release|Any CPU.Build.0 = Release|Any CPU
		{42133755-57BD-4B21-9DFD-8C8BB4D78DDF}.Release|x64.ActiveCfg = Release|Any CPU
		{42133755-57BD-4B21-9DFD-8C8BB4D78DDF}.Release|x64.Build.0 = Release|Any CPU
		{42133755-57BD-4B21-9DFD-8C8BB4D78DDF}.Release|x86.ActiveCfg = Release|Any CPU
		{42133755-57BD-4B21-9DFD-8C8BB4D78DDF}.Release|x86.Build.0 = Release|Any CPU
	EndGlobalSection
	GlobalSection(SolutionProperties) = preSolution
		HideSolutionNode = FALSE
	EndGlobalSection
EndGlobal
